
Microsoft Visual Studio Solution File, Format Version 12.00
# Visual Studio 15
VisualStudioVersion = 15.0.26228.9
MinimumVisualStudioVersion = 10.0.40219.1
Project("{FAE04EC0-301F-11D3-BF4B-00C04F79EFBC}") = "Blog40", "Blog40\Blog40.csproj", "{3CA45320-7B35-4A46-BE5C-BDAB84D37F46}"
EndProject
Project("{FAE04EC0-301F-11D3-BF4B-00C04F79EFBC}") = "Blog40.Models", "Blog40.Models\Blog40.Models.csproj", "{48A70588-82CE-4863-A837-E927890B5FDC}"
EndProject
Project("{FAE04EC0-301F-11D3-BF4B-00C04F79EFBC}") = "Blog40.Repository", "Blog40.Repository\Blog40.Repository.csproj", "{5208333D-8C1C-4E00-A3BA-7E54659F9FE7}"
EndProject
Global
	GlobalSection(SolutionConfigurationPlatforms) = preSolution
		Debug|Any CPU = Debug|Any CPU
		Release|Any CPU = Release|Any CPU
	EndGlobalSection
	GlobalSection(ProjectConfigurationPlatforms) = postSolution
		{3CA45320-7B35-4A46-BE5C-BDAB84D37F46}.Debug|Any CPU.ActiveCfg = Debug|Any CPU
		{3CA45320-7B35-4A46-BE5C-BDAB84D37F46}.Debug|Any CPU.Build.0 = Debug|Any CPU
		{3CA45320-7B35-4A46-BE5C-BDAB84D37F46}.Release|Any CPU.ActiveCfg = Release|Any CPU
		{3CA45320-7B35-4A46-BE5C-BDAB84D37F46}.Release|Any CPU.Build.0 = Release|Any CPU
		{48A70588-82CE-4863-A837-E927890B5FDC}.Debug|Any CPU.ActiveCfg = Debug|Any CPU
		{48A70588-82CE-4863-A837-E927890B5FDC}.Debug|Any CPU.Build.0 = Debug|Any CPU
		{48A70588-82CE-4863-A837-E927890B5FDC}.Release|Any CPU.ActiveCfg = Release|Any CPU
		{48A70588-82CE-4863-A837-E927890B5FDC}.Release|Any CPU.Build.0 = Release|Any CPU
		{5208333D-8C1C-4E00-A3BA-7E54659F9FE7}.Debug|Any CPU.ActiveCfg = Debug|Any CPU
		{5208333D-8C1C-4E00-A3BA-7E54659F9FE7}.Debug|Any CPU.Build.0 = Debug|Any CPU
		{5208333D-8C1C-4E00-A3BA-7E54659F9FE7}.Release|Any CPU.ActiveCfg = Release|Any CPU
		{5208333D-8C1C-4E00-A3BA-7E54659F9FE7}.Release|Any CPU.Build.0 = Release|Any CPU
	EndGlobalSection
	GlobalSection(SolutionProperties) = preSolution
		HideSolutionNode = FALSE
	EndGlobalSection
EndGlobal
